
Microsoft Visual Studio Solution File, Format Version 11.00
# Visual Studio 2010
Project("{FAE04EC0-301F-11D3-BF4B-00C04F79EFBC}") = "Dataway.ImageLibrary", "Dataway.ImageLibrary.csproj", "{F9407B30-C021-4D0D-B8CB-BC5DB2797D25}"
EndProject
Project("{FAE04EC0-301F-11D3-BF4B-00C04F79EFBC}") = "TestImaging", "TestImaging\TestImaging.csproj", "{237248E4-E734-48E5-B352-57183AEE2695}"
EndProject
Global
	GlobalSection(SolutionConfigurationPlatforms) = preSolution
		Debug|Any CPU = Debug|Any CPU
		Debug|Mixed Platforms = Debug|Mixed Platforms
		Debug|x86 = Debug|x86
		Release|Any CPU = Release|Any CPU
		Release|Mixed Platforms = Release|Mixed Platforms
		Release|x86 = Release|x86
	EndGlobalSection
	GlobalSection(ProjectConfigurationPlatforms) = postSolution
		{F9407B30-C021-4D0D-B8CB-BC5DB2797D25}.Debug|Any CPU.ActiveCfg = Debug|Any CPU
		{F9407B30-C021-4D0D-B8CB-BC5DB2797D25}.Debug|Any CPU.Build.0 = Debug|Any CPU
		{F9407B30-C021-4D0D-B8CB-BC5DB2797D25}.Debug|Mixed Platforms.ActiveCfg = Debug|Any CPU
		{F9407B30-C021-4D0D-B8CB-BC5DB2797D25}.Debug|Mixed Platforms.Build.0 = Debug|Any CPU
		{F9407B30-C021-4D0D-B8CB-BC5DB2797D25}.Debug|x86.ActiveCfg = Debug|Any CPU
		{F9407B30-C021-4D0D-B8CB-BC5DB2797D25}.Release|Any CPU.ActiveCfg = Release|Any CPU
		{F9407B30-C021-4D0D-B8CB-BC5DB2797D25}.Release|Any CPU.Build.0 = Release|Any CPU
		{F9407B30-C021-4D0D-B8CB-BC5DB2797D25}.Release|Mixed Platforms.ActiveCfg = Release|Any CPU
		{F9407B30-C021-4D0D-B8CB-BC5DB2797D25}.Release|Mixed Platforms.Build.0 = Release|Any CPU
		{F9407B30-C021-4D0D-B8CB-BC5DB2797D25}.Release|x86.ActiveCfg = Release|Any CPU
		{237248E4-E734-48E5-B352-57183AEE2695}.Debug|Any CPU.ActiveCfg = Debug|x86
		{237248E4-E734-48E5-B352-57183AEE2695}.Debug|Mixed Platforms.ActiveCfg = Debug|x86
		{237248E4-E734-48E5-B352-57183AEE2695}.Debug|Mixed Platforms.Build.0 = Debug|x86
		{237248E4-E734-48E5-B352-57183AEE2695}.Debug|x86.ActiveCfg = Debug|x86
		{237248E4-E734-48E5-B352-57183AEE2695}.Debug|x86.Build.0 = Debug|x86
		{237248E4-E734-48E5-B352-57183AEE2695}.Release|Any CPU.ActiveCfg = Release|x86
		{237248E4-E734-48E5-B352-57183AEE2695}.Release|Mixed Platforms.ActiveCfg = Release|x86
		{237248E4-E734-48E5-B352-57183AEE2695}.Release|Mixed Platforms.Build.0 = Release|x86
		{237248E4-E734-48E5-B352-57183AEE2695}.Release|x86.ActiveCfg = Release|x86
		{237248E4-E734-48E5-B352-57183AEE2695}.Release|x86.Build.0 = Release|x86
	EndGlobalSection
	GlobalSection(SolutionProperties) = preSolution
		HideSolutionNode = FALSE
	EndGlobalSection
EndGlobal
